// !$*UTF8*$!
{
	archiveVersion = 1;
	classes = {
	};
	objectVersion = 56;
	objects = {

/* Begin PBXBuildFile section */
		95A4E9AF2BA51E45007310EF /* test_model_viewerApp.swift in Sources */ = {isa = PBXBuildFile; fileRef = 95A4E9AE2BA51E45007310EF /* test_model_viewerApp.swift */; };
		95A4E9B12BA51E45007310EF /* ContentView.swift in Sources */ = {isa = PBXBuildFile; fileRef = 95A4E9B02BA51E45007310EF /* ContentView.swift */; };
		95A4E9B32BA51E46007310EF /* Assets.xcassets in Resources */ = {isa = PBXBuildFile; fileRef = 95A4E9B22BA51E46007310EF /* Assets.xcassets */; };
		95A4E9B72BA51E46007310EF /* Preview Assets.xcassets in Resources */ = {isa = PBXBuildFile; fileRef = 95A4E9B62BA51E46007310EF /* Preview Assets.xcassets */; };
		95A4E9DB2BA51F50007310EF /* WebKit.framework in Frameworks */ = {isa = PBXBuildFile; fileRef = 95A4E9DA2BA51F50007310EF /* WebKit.framework */; };
		95A4E9DF2BA5233C007310EF /* WebServer.swift in Sources */ = {isa = PBXBuildFile; fileRef = 95A4E9DE2BA5233C007310EF /* WebServer.swift */; };
		95A4E9E22BA524AB007310EF /* GCDWebServer in Frameworks */ = {isa = PBXBuildFile; productRef = 95A4E9E12BA524AB007310EF /* GCDWebServer */; };
		95A4E9E42BA525B0007310EF /* assets in Resources */ = {isa = PBXBuildFile; fileRef = 95A4E9E32BA525B0007310EF /* assets */; };
		95A4E9E72BA5C9EB007310EF /* WebView.swift in Sources */ = {isa = PBXBuildFile; fileRef = 95A4E9E62BA5C9EB007310EF /* WebView.swift */; };
/* End PBXBuildFile section */

/* Begin PBXFileReference section */
		95A4E9AB2BA51E45007310EF /* test_model_viewer.app */ = {isa = PBXFileReference; explicitFileType = wrapper.application; includeInIndex = 0; path = test_model_viewer.app; sourceTree = BUILT_PRODUCTS_DIR; };
		95A4E9AE2BA51E45007310EF /* test_model_viewerApp.swift */ = {isa = PBXFileReference; lastKnownFileType = sourcecode.swift; path = test_model_viewerApp.swift; sourceTree = "<group>"; };
		95A4E9B02BA51E45007310EF /* ContentView.swift */ = {isa = PBXFileReference; lastKnownFileType = sourcecode.swift; path = ContentView.swift; sourceTree = "<group>"; };
		95A4E9B22BA51E46007310EF /* Assets.xcassets */ = {isa = PBXFileReference; lastKnownFileType = folder.assetcatalog; path = Assets.xcassets; sourceTree = "<group>"; };
		95A4E9B42BA51E46007310EF /* test_model_viewer.entitlements */ = {isa = PBXFileReference; lastKnownFileType = text.plist.entitlements; path = test_model_viewer.entitlements; sourceTree = "<group>"; };
		95A4E9B62BA51E46007310EF /* Preview Assets.xcassets */ = {isa = PBXFileReference; lastKnownFileType = folder.assetcatalog; path = "Preview Assets.xcassets"; sourceTree = "<group>"; };
		95A4E9DA2BA51F50007310EF /* WebKit.framework */ = {isa = PBXFileReference; lastKnownFileType = wrapper.framework; name = WebKit.framework; path = Platforms/iPhoneOS.platform/Developer/SDKs/iPhoneOS17.2.sdk/System/Library/Frameworks/WebKit.framework; sourceTree = DEVELOPER_DIR; };
		95A4E9DE2BA5233C007310EF /* WebServer.swift */ = {isa = PBXFileReference; lastKnownFileType = sourcecode.swift; path = WebServer.swift; sourceTree = "<group>"; };
		95A4E9E32BA525B0007310EF /* assets */ = {isa = PBXFileReference; lastKnownFileType = folder; path = assets; sourceTree = "<group>"; };
		95A4E9E52BA52D4D007310EF /* test-model-viewer-Info.plist */ = {isa = PBXFileReference; lastKnownFileType = text.plist; path = "test-model-viewer-Info.plist"; sourceTree = SOURCE_ROOT; };
		95A4E9E62BA5C9EB007310EF /* WebView.swift */ = {isa = PBXFileReference; lastKnownFileType = sourcecode.swift; path = WebView.swift; sourceTree = "<group>"; };
/* End PBXFileReference section */

/* Begin PBXFrameworksBuildPhase section */
		95A4E9A82BA51E45007310EF /* Frameworks */ = {
			isa = PBXFrameworksBuildPhase;
			buildActionMask = 2147483647;
			files = (
				95A4E9DB2BA51F50007310EF /* WebKit.framework in Frameworks */,
				95A4E9E22BA524AB007310EF /* GCDWebServer in Frameworks */,
			);
			runOnlyForDeploymentPostprocessing = 0;
		};
/* End PBXFrameworksBuildPhase section */

/* Begin PBXGroup section */
		95A4E9A22BA51E45007310EF = {
			isa = PBXGroup;
			children = (
				95A4E9E32BA525B0007310EF /* assets */,
				95A4E9AD2BA51E45007310EF /* test_model_viewer */,
				95A4E9AC2BA51E45007310EF /* Products */,
				95A4E9D92BA51F50007310EF /* Frameworks */,
			);
			sourceTree = "<group>";
		};
		95A4E9AC2BA51E45007310EF /* Products */ = {
			isa = PBXGroup;
			children = (
				95A4E9AB2BA51E45007310EF /* test_model_viewer.app */,
			);
			name = Products;
			sourceTree = "<group>";
		};
		95A4E9AD2BA51E45007310EF /* test_model_viewer */ = {
			isa = PBXGroup;
			children = (
				95A4E9E52BA52D4D007310EF /* test-model-viewer-Info.plist */,
				95A4E9AE2BA51E45007310EF /* test_model_viewerApp.swift */,
				95A4E9B02BA51E45007310EF /* ContentView.swift */,
				95A4E9B22BA51E46007310EF /* Assets.xcassets */,
				95A4E9B42BA51E46007310EF /* test_model_viewer.entitlements */,
				95A4E9B52BA51E46007310EF /* Preview Content */,
				95A4E9DE2BA5233C007310EF /* WebServer.swift */,
				95A4E9E62BA5C9EB007310EF /* WebView.swift */,
			);
			path = test_model_viewer;
			sourceTree = "<group>";
		};
		95A4E9B52BA51E46007310EF /* Preview Content */ = {
			isa = PBXGroup;
			children = (
				95A4E9B62BA51E46007310EF /* Preview Assets.xcassets */,
			);
			path = "Preview Content";
			sourceTree = "<group>";
		};
		95A4E9D92BA51F50007310EF /* Frameworks */ = {
			isa = PBXGroup;
			children = (
				95A4E9DA2BA51F50007310EF /* WebKit.framework */,
			);
			name = Frameworks;
			sourceTree = "<group>";
		};
/* End PBXGroup section */

/* Begin PBXNativeTarget section */
		95A4E9AA2BA51E45007310EF /* test_model_viewer */ = {
			isa = PBXNativeTarget;
			buildConfigurationList = 95A4E9D02BA51E46007310EF /* Build configuration list for PBXNativeTarget "test_model_viewer" */;
			buildPhases = (
				95A4E9A72BA51E45007310EF /* Sources */,
				95A4E9A82BA51E45007310EF /* Frameworks */,
				95A4E9A92BA51E45007310EF /* Resources */,
			);
			buildRules = (
			);
			dependencies = (
			);
			name = test_model_viewer;
			packageProductDependencies = (
				95A4E9E12BA524AB007310EF /* GCDWebServer */,
			);
			productName = test_model_viewer;
			productReference = 95A4E9AB2BA51E45007310EF /* test_model_viewer.app */;
			productType = "com.apple.product-type.application";
		};
/* End PBXNativeTarget section */

/* Begin PBXProject section */
		95A4E9A32BA51E45007310EF /* Project object */ = {
			isa = PBXProject;
			attributes = {
				BuildIndependentTargetsInParallel = 1;
				LastSwiftUpdateCheck = 1510;
				LastUpgradeCheck = 1510;
				TargetAttributes = {
					95A4E9AA2BA51E45007310EF = {
						CreatedOnToolsVersion = 15.1;
					};
				};
			};
			buildConfigurationList = 95A4E9A62BA51E45007310EF /* Build configuration list for PBXProject "test_model_viewer" */;
			compatibilityVersion = "Xcode 14.0";
			developmentRegion = en;
			hasScannedForEncodings = 0;
			knownRegions = (
				en,
				Base,
			);
			mainGroup = 95A4E9A22BA51E45007310EF;
			packageReferences = (
				95A4E9E02BA524AB007310EF /* XCRemoteSwiftPackageReference "GCDWebServer" */,
			);
			productRefGroup = 95A4E9AC2BA51E45007310EF /* Products */;
			projectDirPath = "";
			projectRoot = "";
			targets = (
				95A4E9AA2BA51E45007310EF /* test_model_viewer */,
			);
		};
/* End PBXProject section */

/* Begin PBXResourcesBuildPhase section */
		95A4E9A92BA51E45007310EF /* Resources */ = {
			isa = PBXResourcesBuildPhase;
			buildActionMask = 2147483647;
			files = (
				95A4E9E42BA525B0007310EF /* assets in Resources */,
				95A4E9B72BA51E46007310EF /* Preview Assets.xcassets in Resources */,
				95A4E9B32BA51E46007310EF /* Assets.xcassets in Resources */,
			);
			runOnlyForDeploymentPostprocessing = 0;
		};
/* End PBXResourcesBuildPhase section */

/* Begin PBXSourcesBuildPhase section */
		95A4E9A72BA51E45007310EF /* Sources */ = {
			isa = PBXSourcesBuildPhase;
			buildActionMask = 2147483647;
			files = (
				95A4E9B12BA51E45007310EF /* ContentView.swift in Sources */,
				95A4E9E72BA5C9EB007310EF /* WebView.swift in Sources */,
				95A4E9AF2BA51E45007310EF /* test_model_viewerApp.swift in Sources */,
				95A4E9DF2BA5233C007310EF /* WebServer.swift in Sources */,
			);
			runOnlyForDeploymentPostprocessing = 0;
		};
/* End PBXSourcesBuildPhase section */

/* Begin XCBuildConfiguration section */
		95A4E9CE2BA51E46007310EF /* Debug */ = {
			isa = XCBuildConfiguration;
			buildSettings = {
				ALWAYS_SEARCH_USER_PATHS = NO;
				ASSETCATALOG_COMPILER_GENERATE_SWIFT_ASSET_SYMBOL_EXTENSIONS = YES;
				CLANG_ANALYZER_NONNULL = YES;
				CLANG_ANALYZER_NUMBER_OBJECT_CONVERSION = YES_AGGRESSIVE;
				CLANG_CXX_LANGUAGE_STANDARD = "gnu++20";
				CLANG_ENABLE_MODULES = YES;
				CLANG_ENABLE_OBJC_ARC = YES;
				CLANG_ENABLE_OBJC_WEAK = YES;
				CLANG_WARN_BLOCK_CAPTURE_AUTORELEASING = YES;
				CLANG_WARN_BOOL_CONVERSION = YES;
				CLANG_WARN_COMMA = YES;
				CLANG_WARN_CONSTANT_CONVERSION = YES;
				CLANG_WARN_DEPRECATED_OBJC_IMPLEMENTATIONS = YES;
				CLANG_WARN_DIRECT_OBJC_ISA_USAGE = YES_ERROR;
				CLANG_WARN_DOCUMENTATION_COMMENTS = YES;
				CLANG_WARN_EMPTY_BODY = YES;
				CLANG_WARN_ENUM_CONVERSION = YES;
				CLANG_WARN_INFINITE_RECURSION = YES;
				CLANG_WARN_INT_CONVERSION = YES;
				CLANG_WARN_NON_LITERAL_NULL_CONVERSION = YES;
				CLANG_WARN_OBJC_IMPLICIT_RETAIN_SELF = YES;
				CLANG_WARN_OBJC_LITERAL_CONVERSION = YES;
				CLANG_WARN_OBJC_ROOT_CLASS = YES_ERROR;
				CLANG_WARN_QUOTED_INCLUDE_IN_FRAMEWORK_HEADER = YES;
				CLANG_WARN_RANGE_LOOP_ANALYSIS = YES;
				CLANG_WARN_STRICT_PROTOTYPES = YES;
				CLANG_WARN_SUSPICIOUS_MOVE = YES;
				CLANG_WARN_UNGUARDED_AVAILABILITY = YES_AGGRESSIVE;
				CLANG_WARN_UNREACHABLE_CODE = YES;
				CLANG_WARN__DUPLICATE_METHOD_MATCH = YES;
				COPY_PHASE_STRIP = NO;
				DEBUG_INFORMATION_FORMAT = dwarf;
				ENABLE_STRICT_OBJC_MSGSEND = YES;
				ENABLE_TESTABILITY = YES;
				ENABLE_USER_SCRIPT_SANDBOXING = YES;
				GCC_C_LANGUAGE_STANDARD = gnu17;
				GCC_DYNAMIC_NO_PIC = NO;
				GCC_NO_COMMON_BLOCKS = YES;
				GCC_OPTIMIZATION_LEVEL = 0;
				GCC_PREPROCESSOR_DEFINITIONS = (
					"DEBUG=1",
					"$(inherited)",
				);
				GCC_WARN_64_TO_32_BIT_CONVERSION = YES;
				GCC_WARN_ABOUT_RETURN_TYPE = YES_ERROR;
				GCC_WARN_UNDECLARED_SELECTOR = YES;
				GCC_WARN_UNINITIALIZED_AUTOS = YES_AGGRESSIVE;
				GCC_WARN_UNUSED_FUNCTION = YES;
				GCC_WARN_UNUSED_VARIABLE = YES;
				LOCALIZATION_PREFERS_STRING_CATALOGS = YES;
				MTL_ENABLE_DEBUG_INFO = INCLUDE_SOURCE;
				MTL_FAST_MATH = YES;
				ONLY_ACTIVE_ARCH = YES;
				SWIFT_ACTIVE_COMPILATION_CONDITIONS = "DEBUG $(inherited)";
				SWIFT_OPTIMIZATION_LEVEL = "-Onone";
			};
			name = Debug;
		};
		95A4E9CF2BA51E46007310EF /* Release */ = {
			isa = XCBuildConfiguration;
			buildSettings = {
				ALWAYS_SEARCH_USER_PATHS = NO;
				ASSETCATALOG_COMPILER_GENERATE_SWIFT_ASSET_SYMBOL_EXTENSIONS = YES;
				CLANG_ANALYZER_NONNULL = YES;
				CLANG_ANALYZER_NUMBER_OBJECT_CONVERSION = YES_AGGRESSIVE;
				CLANG_CXX_LANGUAGE_STANDARD = "gnu++20";
				CLANG_ENABLE_MODULES = YES;
				CLANG_ENABLE_OBJC_ARC = YES;
				CLANG_ENABLE_OBJC_WEAK = YES;
				CLANG_WARN_BLOCK_CAPTURE_AUTORELEASING = YES;
				CLANG_WARN_BOOL_CONVERSION = YES;
				CLANG_WARN_COMMA = YES;
				CLANG_WARN_CONSTANT_CONVERSION = YES;
				CLANG_WARN_DEPRECATED_OBJC_IMPLEMENTATIONS = YES;
				CLANG_WARN_DIRECT_OBJC_ISA_USAGE = YES_ERROR;
				CLANG_WARN_DOCUMENTATION_COMMENTS = YES;
				CLANG_WARN_EMPTY_BODY = YES;
				CLANG_WARN_ENUM_CONVERSION = YES;
				CLANG_WARN_INFINITE_RECURSION = YES;
				CLANG_WARN_INT_CONVERSION = YES;
				CLANG_WARN_NON_LITERAL_NULL_CONVERSION = YES;
				CLANG_WARN_OBJC_IMPLICIT_RETAIN_SELF = YES;
				CLANG_WARN_OBJC_LITERAL_CONVERSION = YES;
				CLANG_WARN_OBJC_ROOT_CLASS = YES_ERROR;
				CLANG_WARN_QUOTED_INCLUDE_IN_FRAMEWORK_HEADER = YES;
				CLANG_WARN_RANGE_LOOP_ANALYSIS = YES;
				CLANG_WARN_STRICT_PROTOTYPES = YES;
				CLANG_WARN_SUSPICIOUS_MOVE = YES;
				CLANG_WARN_UNGUARDED_AVAILABILITY = YES_AGGRESSIVE;
				CLANG_WARN_UNREACHABLE_CODE = YES;
				CLANG_WARN__DUPLICATE_METHOD_MATCH = YES;
				COPY_PHASE_STRIP = NO;
				DEBUG_INFORMATION_FORMAT = "dwarf-with-dsym";
				ENABLE_NS_ASSERTIONS = NO;
				ENABLE_STRICT_OBJC_MSGSEND = YES;
				ENABLE_USER_SCRIPT_SANDBOXING = YES;
				GCC_C_LANGUAGE_STANDARD = gnu17;
				GCC_NO_COMMON_BLOCKS = YES;
				GCC_WARN_64_TO_32_BIT_CONVERSION = YES;
				GCC_WARN_ABOUT_RETURN_TYPE = YES_ERROR;
				GCC_WARN_UNDECLARED_SELECTOR = YES;
				GCC_WARN_UNINITIALIZED_AUTOS = YES_AGGRESSIVE;
				GCC_WARN_UNUSED_FUNCTION = YES;
				GCC_WARN_UNUSED_VARIABLE = YES;
				LOCALIZATION_PREFERS_STRING_CATALOGS = YES;
				MTL_ENABLE_DEBUG_INFO = NO;
				MTL_FAST_MATH = YES;
				SWIFT_COMPILATION_MODE = wholemodule;
			};
			name = Release;
		};
		95A4E9D12BA51E46007310EF /* Debug */ = {
			isa = XCBuildConfiguration;
			buildSettings = {
				ASSETCATALOG_COMPILER_APPICON_NAME = AppIcon;
				ASSETCATALOG_COMPILER_GLOBAL_ACCENT_COLOR_NAME = AccentColor;
				CODE_SIGN_ENTITLEMENTS = test_model_viewer/test_model_viewer.entitlements;
				CODE_SIGN_STYLE = Automatic;
				CURRENT_PROJECT_VERSION = 1;
				DEVELOPMENT_ASSET_PATHS = "\"test_model_viewer/Preview Content\"";
				DEVELOPMENT_TEAM = WYL8YY6UWX;
				ENABLE_HARDENED_RUNTIME = YES;
				ENABLE_PREVIEWS = YES;
				GENERATE_INFOPLIST_FILE = YES;
				INFOPLIST_FILE = "test-model-viewer-Info.plist";
				"INFOPLIST_KEY_UIApplicationSceneManifest_Generation[sdk=iphoneos*]" = YES;
				"INFOPLIST_KEY_UIApplicationSceneManifest_Generation[sdk=iphonesimulator*]" = YES;
				"INFOPLIST_KEY_UIApplicationSupportsIndirectInputEvents[sdk=iphoneos*]" = YES;
				"INFOPLIST_KEY_UIApplicationSupportsIndirectInputEvents[sdk=iphonesimulator*]" = YES;
				"INFOPLIST_KEY_UILaunchScreen_Generation[sdk=iphoneos*]" = YES;
				"INFOPLIST_KEY_UILaunchScreen_Generation[sdk=iphonesimulator*]" = YES;
				"INFOPLIST_KEY_UIStatusBarStyle[sdk=iphoneos*]" = UIStatusBarStyleDefault;
				"INFOPLIST_KEY_UIStatusBarStyle[sdk=iphonesimulator*]" = UIStatusBarStyleDefault;
				INFOPLIST_KEY_UISupportedInterfaceOrientations_iPad = "UIInterfaceOrientationPortrait UIInterfaceOrientationPortraitUpsideDown UIInterfaceOrientationLandscapeLeft UIInterfaceOrientationLandscapeRight";
				INFOPLIST_KEY_UISupportedInterfaceOrientations_iPhone = "UIInterfaceOrientationPortrait UIInterfaceOrientationLandscapeLeft UIInterfaceOrientationLandscapeRight";
				IPHONEOS_DEPLOYMENT_TARGET = 17.2;
				LD_RUNPATH_SEARCH_PATHS = "@executable_path/Frameworks";
				"LD_RUNPATH_SEARCH_PATHS[sdk=macosx*]" = "@executable_path/../Frameworks";
				MACOSX_DEPLOYMENT_TARGET = 13.5;
				MARKETING_VERSION = 1.0;
				PRODUCT_BUNDLE_IDENTIFIER = "com.hmh.test-model-viewer.test-model-viewer";
				PRODUCT_NAME = "$(TARGET_NAME)";
				SDKROOT = auto;
				SUPPORTED_PLATFORMS = "iphoneos iphonesimulator";
				SUPPORTS_MACCATALYST = NO;
				SWIFT_EMIT_LOC_STRINGS = YES;
				SWIFT_VERSION = 5.0;
				TARGETED_DEVICE_FAMILY = 1;
			};
			name = Debug;
		};
		95A4E9D22BA51E46007310EF /* Release */ = {
			isa = XCBuildConfiguration;
			buildSettings = {
				ASSETCATALOG_COMPILER_APPICON_NAME = AppIcon;
				ASSETCATALOG_COMPILER_GLOBAL_ACCENT_COLOR_NAME = AccentColor;
				CODE_SIGN_ENTITLEMENTS = test_model_viewer/test_model_viewer.entitlements;
				CODE_SIGN_STYLE = Automatic;
				CURRENT_PROJECT_VERSION = 1;
				DEVELOPMENT_ASSET_PATHS = "\"test_model_viewer/Preview Content\"";
				DEVELOPMENT_TEAM = WYL8YY6UWX;
				ENABLE_HARDENED_RUNTIME = YES;
				ENABLE_PREVIEWS = YES;
				GENERATE_INFOPLIST_FILE = YES;
				INFOPLIST_FILE = "test-model-viewer-Info.plist";
				"INFOPLIST_KEY_UIApplicationSceneManifest_Generation[sdk=iphoneos*]" = YES;
				"INFOPLIST_KEY_UIApplicationSceneManifest_Generation[sdk=iphonesimulator*]" = YES;
				"INFOPLIST_KEY_UIApplicationSupportsIndirectInputEvents[sdk=iphoneos*]" = YES;
				"INFOPLIST_KEY_UIApplicationSupportsIndirectInputEvents[sdk=iphonesimulator*]" = YES;
				"INFOPLIST_KEY_UILaunchScreen_Generation[sdk=iphoneos*]" = YES;
				"INFOPLIST_KEY_UILaunchScreen_Generation[sdk=iphonesimulator*]" = YES;
				"INFOPLIST_KEY_UIStatusBarStyle[sdk=iphoneos*]" = UIStatusBarStyleDefault;
				"INFOPLIST_KEY_UIStatusBarStyle[sdk=iphonesimulator*]" = UIStatusBarStyleDefault;
				INFOPLIST_KEY_UISupportedInterfaceOrientations_iPad = "UIInterfaceOrientationPortrait UIInterfaceOrientationPortraitUpsideDown UIInterfaceOrientationLandscapeLeft UIInterfaceOrientationLandscapeRight";
				INFOPLIST_KEY_UISupportedInterfaceOrientations_iPhone = "UIInterfaceOrientationPortrait UIInterfaceOrientationLandscapeLeft UIInterfaceOrientationLandscapeRight";
				IPHONEOS_DEPLOYMENT_TARGET = 17.2;
				LD_RUNPATH_SEARCH_PATHS = "@executable_path/Frameworks";
				"LD_RUNPATH_SEARCH_PATHS[sdk=macosx*]" = "@executable_path/../Frameworks";
				MACOSX_DEPLOYMENT_TARGET = 13.5;
				MARKETING_VERSION = 1.0;
				PRODUCT_BUNDLE_IDENTIFIER = "com.hmh.test-model-viewer.test-model-viewer";
				PRODUCT_NAME = "$(TARGET_NAME)";
				SDKROOT = auto;
				SUPPORTED_PLATFORMS = "iphoneos iphonesimulator";
				SUPPORTS_MACCATALYST = NO;
				SWIFT_EMIT_LOC_STRINGS = YES;
				SWIFT_VERSION = 5.0;
				TARGETED_DEVICE_FAMILY = 1;
			};
			name = Release;
		};
/* End XCBuildConfiguration section */

/* Begin XCConfigurationList section */
		95A4E9A62BA51E45007310EF /* Build configuration list for PBXProject "test_model_viewer" */ = {
			isa = XCConfigurationList;
			buildConfigurations = (
				95A4E9CE2BA51E46007310EF /* Debug */,
				95A4E9CF2BA51E46007310EF /* Release */,
			);
			defaultConfigurationIsVisible = 0;
			defaultConfigurationName = Release;
		};
		95A4E9D02BA51E46007310EF /* Build configuration list for PBXNativeTarget "test_model_viewer" */ = {
			isa = XCConfigurationList;
			buildConfigurations = (
				95A4E9D12BA51E46007310EF /* Debug */,
				95A4E9D22BA51E46007310EF /* Release */,
			);
			defaultConfigurationIsVisible = 0;
			defaultConfigurationName = Release;
		};
/* End XCConfigurationList section */

/* Begin XCRemoteSwiftPackageReference section */
		95A4E9E02BA524AB007310EF /* XCRemoteSwiftPackageReference "GCDWebServer" */ = {
			isa = XCRemoteSwiftPackageReference;
			repositoryURL = "https://github.com/yene/GCDWebServer";
			requirement = {
				kind = upToNextMajorVersion;
				minimumVersion = 3.5.7;
			};
		};
/* End XCRemoteSwiftPackageReference section */

/* Begin XCSwiftPackageProductDependency section */
		95A4E9E12BA524AB007310EF /* GCDWebServer */ = {
			isa = XCSwiftPackageProductDependency;
			package = 95A4E9E02BA524AB007310EF /* XCRemoteSwiftPackageReference "GCDWebServer" */;
			productName = GCDWebServer;
		};
/* End XCSwiftPackageProductDependency section */
	};
	rootObject = 95A4E9A32BA51E45007310EF /* Project object */;
}
